{
  "name": "Vault",
  "lockfileVersion": 3,
  "requires": true,
  "packages": {
    "": {
      "dependencies": {
        "openzeppelin-solidity": "github:openzeppelin/openzeppelin-contracts"
      }
    },
    "node_modules/openzeppelin-solidity": {
      "version": "5.0.0",
      "resolved": "git+ssh://git@github.com/openzeppelin/openzeppelin-contracts.git#94697be8a3f0dfcd95dfb13ffbd39b5973f5c65d",
      "license": "MIT"
    }
  }
}
